<?xml version="1.0" encoding="utf-8"?>
<Project ToolsVersion="4.0" xmlns="http://schemas.microsoft.com/developer/msbuild/2003">
  <ItemGroup>
    <CudaCompile Include="kernel.cu" />
  </ItemGroup>
  <ItemGroup>
    <Filter Include="Gpt">
      <UniqueIdentifier>{ccdcc16a-697f-4b51-bf1f-2c89a90a730a}</UniqueIdentifier>
    </Filter>
    <Filter Include="Algorithms">
      <UniqueIdentifier>{cce24ee4-7847-4f0e-b575-dbce6a8dbf17}</UniqueIdentifier>
    </Filter>
    <Filter Include="Network">
      <UniqueIdentifier>{39ff86ee-1d72-48b7-bba4-52017f41ce25}</UniqueIdentifier>
    </Filter>
  </ItemGroup>
  <ItemGroup>
    <ClInclude Include="CpuNetwork.h">
      <Filter>Network</Filter>
    </ClInclude>
    <ClInclude Include="Gpt2.h">
      <Filter>Gpt</Filter>
    </ClInclude>
    <ClInclude Include="Parallel.h">
      <Filter>Algorithms</Filter>
    </ClInclude>
    <ClInclude Include="FloatSpaceConvert.h">
      <Filter>Algorithms</Filter>
    </ClInclude>
    <ClInclude Include="Algorithms.h">
      <Filter>Algorithms</Filter>
    </ClInclude>
    <ClInclude Include="Tensor.h">
      <Filter>Gpt</Filter>
    </ClInclude>
    <ClInclude Include="Serializer.h">
      <Filter>Algorithms</Filter>
    </ClInclude>
  </ItemGroup>
  <ItemGroup>
    <ClCompile Include="CpuNetwork.cpp">
      <Filter>Network</Filter>
    </ClCompile>
    <ClCompile Include="Gpt2.cpp">
      <Filter>Gpt</Filter>
    </ClCompile>
    <ClCompile Include="Gpt2Diagnostics.cpp">
      <Filter>Gpt</Filter>
    </ClCompile>
    <ClCompile Include="Gpt2Translator.cpp">
      <Filter>Gpt</Filter>
    </ClCompile>
    <ClCompile Include="Gpt2Forward.cpp">
      <Filter>Gpt</Filter>
    </ClCompile>
    <ClCompile Include="Gpt2Backward.cpp">
      <Filter>Gpt</Filter>
    </ClCompile>
    <ClCompile Include="Tensor.cpp">
      <Filter>Gpt</Filter>
    </ClCompile>
    <ClCompile Include="FloatSpaceConvert.cpp">
      <Filter>Algorithms</Filter>
    </ClCompile>
  </ItemGroup>
  <ItemGroup>
    <Text Include="notes.txt" />
  </ItemGroup>
</Project>